
Microsoft Visual Studio Solution File, Format Version 12.00
# Visual Studio Version 17
VisualStudioVersion = 17.0.31903.59
MinimumVisualStudioVersion = 10.0.40219.1
Project("{FAE04EC0-301F-11D3-BF4B-00C04F79EFBC}") = "AstroRebelsTraffic", "AstroRebelsTraffic.csproj", "{A7A6D5A4-2D98-4D2F-9C8D-8CE65E5AA001}"
EndProject
Project("{2150E333-8FDC-42A3-9474-1A3956D46DE8}") = "tests", "tests", "{0AB3BF05-4346-4AA6-1389-037BE0695223}"
EndProject
Project("{FAE04EC0-301F-11D3-BF4B-00C04F79EFBC}") = "AstroRebelsTraffic.Tests", "tests\AstroRebelsTraffic.Tests\AstroRebelsTraffic.Tests.csproj", "{774751A9-B6EC-455D-BD46-43018150CE30}"
EndProject
Global
	GlobalSection(SolutionConfigurationPlatforms) = preSolution
		Debug|Any CPU = Debug|Any CPU
		Debug|x64 = Debug|x64
		Debug|x86 = Debug|x86
		Release|Any CPU = Release|Any CPU
		Release|x64 = Release|x64
		Release|x86 = Release|x86
	EndGlobalSection
	GlobalSection(ProjectConfigurationPlatforms) = postSolution
		{A7A6D5A4-2D98-4D2F-9C8D-8CE65E5AA001}.Debug|Any CPU.ActiveCfg = Debug|Any CPU
		{A7A6D5A4-2D98-4D2F-9C8D-8CE65E5AA001}.Debug|Any CPU.Build.0 = Debug|Any CPU
		{A7A6D5A4-2D98-4D2F-9C8D-8CE65E5AA001}.Debug|x64.ActiveCfg = Debug|Any CPU
		{A7A6D5A4-2D98-4D2F-9C8D-8CE65E5AA001}.Debug|x64.Build.0 = Debug|Any CPU
		{A7A6D5A4-2D98-4D2F-9C8D-8CE65E5AA001}.Debug|x86.ActiveCfg = Debug|Any CPU
		{A7A6D5A4-2D98-4D2F-9C8D-8CE65E5AA001}.Debug|x86.Build.0 = Debug|Any CPU
		{A7A6D5A4-2D98-4D2F-9C8D-8CE65E5AA001}.Release|Any CPU.ActiveCfg = Release|Any CPU
		{A7A6D5A4-2D98-4D2F-9C8D-8CE65E5AA001}.Release|Any CPU.Build.0 = Release|Any CPU
		{A7A6D5A4-2D98-4D2F-9C8D-8CE65E5AA001}.Release|x64.ActiveCfg = Release|Any CPU
		{A7A6D5A4-2D98-4D2F-9C8D-8CE65E5AA001}.Release|x64.Build.0 = Release|Any CPU
		{A7A6D5A4-2D98-4D2F-9C8D-8CE65E5AA001}.Release|x86.ActiveCfg = Release|Any CPU
		{A7A6D5A4-2D98-4D2F-9C8D-8CE65E5AA001}.Release|x86.Build.0 = Release|Any CPU
		{774751A9-B6EC-455D-BD46-43018150CE30}.Debug|Any CPU.ActiveCfg = Debug|Any CPU
		{774751A9-B6EC-455D-BD46-43018150CE30}.Debug|Any CPU.Build.0 = Debug|Any CPU
		{774751A9-B6EC-455D-BD46-43018150CE30}.Debug|x64.ActiveCfg = Debug|Any CPU
		{774751A9-B6EC-455D-BD46-43018150CE30}.Debug|x64.Build.0 = Debug|Any CPU
		{774751A9-B6EC-455D-BD46-43018150CE30}.Debug|x86.ActiveCfg = Debug|Any CPU
		{774751A9-B6EC-455D-BD46-43018150CE30}.Debug|x86.Build.0 = Debug|Any CPU
		{774751A9-B6EC-455D-BD46-43018150CE30}.Release|Any CPU.ActiveCfg = Release|Any CPU
		{774751A9-B6EC-455D-BD46-43018150CE30}.Release|Any CPU.Build.0 = Release|Any CPU
		{774751A9-B6EC-455D-BD46-43018150CE30}.Release|x64.ActiveCfg = Release|Any CPU
		{774751A9-B6EC-455D-BD46-43018150CE30}.Release|x64.Build.0 = Release|Any CPU
		{774751A9-B6EC-455D-BD46-43018150CE30}.Release|x86.ActiveCfg = Release|Any CPU
		{774751A9-B6EC-455D-BD46-43018150CE30}.Release|x86.Build.0 = Release|Any CPU
	EndGlobalSection
	GlobalSection(SolutionProperties) = preSolution
		HideSolutionNode = FALSE
	EndGlobalSection
	GlobalSection(NestedProjects) = preSolution
		{774751A9-B6EC-455D-BD46-43018150CE30} = {0AB3BF05-4346-4AA6-1389-037BE0695223}
	EndGlobalSection
EndGlobal
